
Microsoft Visual Studio Solution File, Format Version 12.00
# Visual Studio Version 16
VisualStudioVersion = 16.0.31205.134
MinimumVisualStudioVersion = 10.0.40219.1
Project("{FAE04EC0-301F-11D3-BF4B-00C04F79EFBC}") = "ReflectionDemoProject", "ReflectionDemoProject\ReflectionDemoProject.csproj", "{1AA8EC75-AF42-46CF-8FD6-2BB97AEA2624}"
EndProject
Project("{FAE04EC0-301F-11D3-BF4B-00C04F79EFBC}") = "AnnotationsDemo", "AnnotationDemo\AnnotationsDemo.csproj", "{A21E1486-D41C-4999-8319-B4593CD1403E}"
EndProject
Project("{FAE04EC0-301F-11D3-BF4B-00C04F79EFBC}") = "GarbageCollection", "GarbageCollection\GarbageCollection.csproj", "{6AA20574-AF58-49DE-BFB1-643D16449706}"
EndProject
Global
	GlobalSection(SolutionConfigurationPlatforms) = preSolution
		Debug|Any CPU = Debug|Any CPU
		Release|Any CPU = Release|Any CPU
	EndGlobalSection
	GlobalSection(ProjectConfigurationPlatforms) = postSolution
		{1AA8EC75-AF42-46CF-8FD6-2BB97AEA2624}.Debug|Any CPU.ActiveCfg = Debug|Any CPU
		{1AA8EC75-AF42-46CF-8FD6-2BB97AEA2624}.Debug|Any CPU.Build.0 = Debug|Any CPU
		{1AA8EC75-AF42-46CF-8FD6-2BB97AEA2624}.Release|Any CPU.ActiveCfg = Release|Any CPU
		{1AA8EC75-AF42-46CF-8FD6-2BB97AEA2624}.Release|Any CPU.Build.0 = Release|Any CPU
		{A21E1486-D41C-4999-8319-B4593CD1403E}.Debug|Any CPU.ActiveCfg = Debug|Any CPU
		{A21E1486-D41C-4999-8319-B4593CD1403E}.Debug|Any CPU.Build.0 = Debug|Any CPU
		{A21E1486-D41C-4999-8319-B4593CD1403E}.Release|Any CPU.ActiveCfg = Release|Any CPU
		{A21E1486-D41C-4999-8319-B4593CD1403E}.Release|Any CPU.Build.0 = Release|Any CPU
		{6AA20574-AF58-49DE-BFB1-643D16449706}.Debug|Any CPU.ActiveCfg = Debug|Any CPU
		{6AA20574-AF58-49DE-BFB1-643D16449706}.Debug|Any CPU.Build.0 = Debug|Any CPU
		{6AA20574-AF58-49DE-BFB1-643D16449706}.Release|Any CPU.ActiveCfg = Release|Any CPU
		{6AA20574-AF58-49DE-BFB1-643D16449706}.Release|Any CPU.Build.0 = Release|Any CPU
	EndGlobalSection
	GlobalSection(SolutionProperties) = preSolution
		HideSolutionNode = FALSE
	EndGlobalSection
	GlobalSection(ExtensibilityGlobals) = postSolution
		SolutionGuid = {BC5C1CAE-F543-44BC-93C4-45E06E279C0B}
	EndGlobalSection
EndGlobal
